
Microsoft Visual Studio Solution File, Format Version 12.00
# Visual Studio Version 17
VisualStudioVersion = 17.11.35327.3
MinimumVisualStudioVersion = 10.0.40219.1
Project("{9A19103F-16F7-4668-BE54-9A1E7A4F7556}") = "Module3.CLR", "Module3.CLR\Module3.CLR.csproj", "{FF162BE5-AB08-4F69-8C72-9898A71B8CD1}"
EndProject
Project("{FAE04EC0-301F-11D3-BF4B-00C04F79EFBC}") = "Module4.CLR", "Module4.CLR\Module4.CLR.csproj", "{459EB117-E2DC-481C-BE48-60C34CF658C5}"
EndProject
Project("{FAE04EC0-301F-11D3-BF4B-00C04F79EFBC}") = "Module5.Final_Project", "Module5.Final_Project\Module5.Final_Project.csproj", "{095B4FE0-A7F3-450C-B11E-61A8472877D1}"
EndProject
Project("{FAE04EC0-301F-11D3-BF4B-00C04F79EFBC}") = "Module6.OOP", "Module6.OOP\Module6.OOP.csproj", "{827AD21D-960D-40A5-8646-59935E6A600B}"
EndProject
Project("{FAE04EC0-301F-11D3-BF4B-00C04F79EFBC}") = "Module7.OOP.Continue", "Module7.OOP.Continue\Module7.OOP.Continue.csproj", "{D598E82A-A352-4B77-8807-4FBC3B081786}"
EndProject
Project("{FAE04EC0-301F-11D3-BF4B-00C04F79EFBC}") = "Module7.OOP.Homework", "Module7.OOP.Homework\Module7.OOP.Homework.csproj", "{783A011B-7C2F-4205-AB5E-88A8829BA168}"
EndProject
Project("{FAE04EC0-301F-11D3-BF4B-00C04F79EFBC}") = "Module8.Files", "Module8.Files\Module8.Files.csproj", "{A63D0977-6672-4D5A-98CC-8E297B065071}"
EndProject
Project("{FAE04EC0-301F-11D3-BF4B-00C04F79EFBC}") = "Module9.Exceptions.Delegates", "Module9.Exceptions.Delegates\Module9.Exceptions.Delegates.csproj", "{AAD17308-8186-4B4B-A03F-59A855EC2A00}"
EndProject
Project("{FAE04EC0-301F-11D3-BF4B-00C04F79EFBC}") = "Module9.EventSort", "Module9.EventSort\Module9.EventSort.csproj", "{789D17FB-7BA2-44F2-9130-654E7A73208C}"
EndProject
Project("{FAE04EC0-301F-11D3-BF4B-00C04F79EFBC}") = "Module10.Interfaces", "Module10.Interfaces\Module10.Interfaces.csproj", "{90122584-45DE-4D31-BBDF-91ABF75AB747}"
EndProject
Global
	GlobalSection(SolutionConfigurationPlatforms) = preSolution
		Debug|Any CPU = Debug|Any CPU
		Release|Any CPU = Release|Any CPU
	EndGlobalSection
	GlobalSection(ProjectConfigurationPlatforms) = postSolution
		{FF162BE5-AB08-4F69-8C72-9898A71B8CD1}.Debug|Any CPU.ActiveCfg = Debug|Any CPU
		{FF162BE5-AB08-4F69-8C72-9898A71B8CD1}.Debug|Any CPU.Build.0 = Debug|Any CPU
		{FF162BE5-AB08-4F69-8C72-9898A71B8CD1}.Release|Any CPU.ActiveCfg = Release|Any CPU
		{FF162BE5-AB08-4F69-8C72-9898A71B8CD1}.Release|Any CPU.Build.0 = Release|Any CPU
		{459EB117-E2DC-481C-BE48-60C34CF658C5}.Debug|Any CPU.ActiveCfg = Debug|Any CPU
		{459EB117-E2DC-481C-BE48-60C34CF658C5}.Debug|Any CPU.Build.0 = Debug|Any CPU
		{459EB117-E2DC-481C-BE48-60C34CF658C5}.Release|Any CPU.ActiveCfg = Release|Any CPU
		{459EB117-E2DC-481C-BE48-60C34CF658C5}.Release|Any CPU.Build.0 = Release|Any CPU
		{095B4FE0-A7F3-450C-B11E-61A8472877D1}.Debug|Any CPU.ActiveCfg = Debug|Any CPU
		{095B4FE0-A7F3-450C-B11E-61A8472877D1}.Debug|Any CPU.Build.0 = Debug|Any CPU
		{095B4FE0-A7F3-450C-B11E-61A8472877D1}.Release|Any CPU.ActiveCfg = Release|Any CPU
		{095B4FE0-A7F3-450C-B11E-61A8472877D1}.Release|Any CPU.Build.0 = Release|Any CPU
		{827AD21D-960D-40A5-8646-59935E6A600B}.Debug|Any CPU.ActiveCfg = Debug|Any CPU
		{827AD21D-960D-40A5-8646-59935E6A600B}.Debug|Any CPU.Build.0 = Debug|Any CPU
		{827AD21D-960D-40A5-8646-59935E6A600B}.Release|Any CPU.ActiveCfg = Release|Any CPU
		{827AD21D-960D-40A5-8646-59935E6A600B}.Release|Any CPU.Build.0 = Release|Any CPU
		{D598E82A-A352-4B77-8807-4FBC3B081786}.Debug|Any CPU.ActiveCfg = Debug|Any CPU
		{D598E82A-A352-4B77-8807-4FBC3B081786}.Debug|Any CPU.Build.0 = Debug|Any CPU
		{D598E82A-A352-4B77-8807-4FBC3B081786}.Release|Any CPU.ActiveCfg = Release|Any CPU
		{D598E82A-A352-4B77-8807-4FBC3B081786}.Release|Any CPU.Build.0 = Release|Any CPU
		{783A011B-7C2F-4205-AB5E-88A8829BA168}.Debug|Any CPU.ActiveCfg = Debug|Any CPU
		{783A011B-7C2F-4205-AB5E-88A8829BA168}.Debug|Any CPU.Build.0 = Debug|Any CPU
		{783A011B-7C2F-4205-AB5E-88A8829BA168}.Release|Any CPU.ActiveCfg = Release|Any CPU
		{783A011B-7C2F-4205-AB5E-88A8829BA168}.Release|Any CPU.Build.0 = Release|Any CPU
		{A63D0977-6672-4D5A-98CC-8E297B065071}.Debug|Any CPU.ActiveCfg = Debug|Any CPU
		{A63D0977-6672-4D5A-98CC-8E297B065071}.Debug|Any CPU.Build.0 = Debug|Any CPU
		{A63D0977-6672-4D5A-98CC-8E297B065071}.Release|Any CPU.ActiveCfg = Release|Any CPU
		{A63D0977-6672-4D5A-98CC-8E297B065071}.Release|Any CPU.Build.0 = Release|Any CPU
		{AAD17308-8186-4B4B-A03F-59A855EC2A00}.Debug|Any CPU.ActiveCfg = Debug|Any CPU
		{AAD17308-8186-4B4B-A03F-59A855EC2A00}.Debug|Any CPU.Build.0 = Debug|Any CPU
		{AAD17308-8186-4B4B-A03F-59A855EC2A00}.Release|Any CPU.ActiveCfg = Release|Any CPU
		{AAD17308-8186-4B4B-A03F-59A855EC2A00}.Release|Any CPU.Build.0 = Release|Any CPU
		{789D17FB-7BA2-44F2-9130-654E7A73208C}.Debug|Any CPU.ActiveCfg = Debug|Any CPU
		{789D17FB-7BA2-44F2-9130-654E7A73208C}.Debug|Any CPU.Build.0 = Debug|Any CPU
		{789D17FB-7BA2-44F2-9130-654E7A73208C}.Release|Any CPU.ActiveCfg = Release|Any CPU
		{789D17FB-7BA2-44F2-9130-654E7A73208C}.Release|Any CPU.Build.0 = Release|Any CPU
		{90122584-45DE-4D31-BBDF-91ABF75AB747}.Debug|Any CPU.ActiveCfg = Debug|Any CPU
		{90122584-45DE-4D31-BBDF-91ABF75AB747}.Debug|Any CPU.Build.0 = Debug|Any CPU
		{90122584-45DE-4D31-BBDF-91ABF75AB747}.Release|Any CPU.ActiveCfg = Release|Any CPU
		{90122584-45DE-4D31-BBDF-91ABF75AB747}.Release|Any CPU.Build.0 = Release|Any CPU
	EndGlobalSection
	GlobalSection(SolutionProperties) = preSolution
		HideSolutionNode = FALSE
	EndGlobalSection
	GlobalSection(ExtensibilityGlobals) = postSolution
		SolutionGuid = {FA9011CC-00A3-44BA-A957-D5AABE54F4E8}
	EndGlobalSection
EndGlobal
